dependencies:
- name: cert-manager
  repository: https://charts.jetstack.io
  version: v1.6.1
- name: ingress-nginx
  repository: https://kubernetes.github.io/ingress-nginx
  version: 4.0.13
- name: kafka
  repository: https://raw.githubusercontent.com/bitnami/charts/pre-2022/bitnami
  version: 14.9.3
- name: minio
  repository: https://raw.githubusercontent.com/bitnami/charts/pre-2022/bitnami
  version: 11.3.5
- name: postgresql
  repository: https://raw.githubusercontent.com/bitnami/charts/pre-2022/bitnami
  version: 8.6.1
- name: redis
  repository: https://raw.githubusercontent.com/bitnami/charts/pre-2022/bitnami
  version: 16.10.1
- name: zookeeper
  repository: https://raw.githubusercontent.com/bitnami/charts/pre-2022/bitnami
  version: 7.0.5
- name: grafana
  repository: https://grafana.github.io/helm-charts
  version: 6.57.3
- name: loki
  repository: https://grafana.github.io/helm-charts
  version: 3.3.4
- name: promtail
  repository: https://grafana.github.io/helm-charts
  version: 6.6.2
- name: prometheus
  repository: https://prometheus-community.github.io/helm-charts
  version: 15.10.4
- name: prometheus-pushgateway
  repository: https://prometheus-community.github.io/helm-charts
  version: 2.1.1
- name: prometheus-kafka-exporter
  repository: https://prometheus-community.github.io/helm-charts
  version: 1.6.0
- name: prometheus-postgres-exporter
  repository: https://prometheus-community.github.io/helm-charts
  version: 2.5.0
- name: prometheus-redis-exporter
  repository: https://prometheus-community.github.io/helm-charts
  version: 4.6.0
- name: prometheus-statsd-exporter
  repository: https://prometheus-community.github.io/helm-charts
  version: 0.3.1
digest: sha256:6fe9ae2dfbce2c153c561b65496e6156f6a034d753d61f763927a59c44592d66
generated: "2024-11-05T17:26:41.165913877+01:00"
